
Microsoft Visual Studio Solution File, Format Version 12.00
Project("{FAE04EC0-301F-11D3-BF4B-00C04F79EFBC}") = "lab2", "lab2\lab2.csproj", "{2838B5C8-5B33-4F5A-ACBE-7257E9B7F9CE}"
EndProject
Global
	GlobalSection(SolutionConfigurationPlatforms) = preSolution
		Debug|Any CPU = Debug|Any CPU
		Release|Any CPU = Release|Any CPU
	EndGlobalSection
	GlobalSection(ProjectConfigurationPlatforms) = postSolution
		{2838B5C8-5B33-4F5A-ACBE-7257E9B7F9CE}.Debug|Any CPU.ActiveCfg = Debug|Any CPU
		{2838B5C8-5B33-4F5A-ACBE-7257E9B7F9CE}.Debug|Any CPU.Build.0 = Debug|Any CPU
		{2838B5C8-5B33-4F5A-ACBE-7257E9B7F9CE}.Release|Any CPU.ActiveCfg = Release|Any CPU
		{2838B5C8-5B33-4F5A-ACBE-7257E9B7F9CE}.Release|Any CPU.Build.0 = Release|Any CPU
	EndGlobalSection
EndGlobal
